
Microsoft Visual Studio Solution File, Format Version 12.00
# Visual Studio Version 17
VisualStudioVersion = 17.1.32421.90
MinimumVisualStudioVersion = 10.0.40219.1
Project("{FAE04EC0-301F-11D3-BF4B-00C04F79EFBC}") = "TelesteHelper", "Teleste\TelesteHelper.csproj", "{5F2462DE-842E-4F59-8ACD-A9EC84BF0AA9}"
EndProject
Global
	GlobalSection(SolutionConfigurationPlatforms) = preSolution
		Debug|Any CPU = Debug|Any CPU
		Release|Any CPU = Release|Any CPU
	EndGlobalSection
	GlobalSection(ProjectConfigurationPlatforms) = postSolution
		{5F2462DE-842E-4F59-8ACD-A9EC84BF0AA9}.Debug|Any CPU.ActiveCfg = Debug|Any CPU
		{5F2462DE-842E-4F59-8ACD-A9EC84BF0AA9}.Debug|Any CPU.Build.0 = Debug|Any CPU
		{5F2462DE-842E-4F59-8ACD-A9EC84BF0AA9}.Release|Any CPU.ActiveCfg = Release|Any CPU
		{5F2462DE-842E-4F59-8ACD-A9EC84BF0AA9}.Release|Any CPU.Build.0 = Release|Any CPU
	EndGlobalSection
	GlobalSection(SolutionProperties) = preSolution
		HideSolutionNode = FALSE
	EndGlobalSection
	GlobalSection(ExtensibilityGlobals) = postSolution
		SolutionGuid = {5C2CC5D0-D411-43F5-9AF0-0ADF88E26BE4}
	EndGlobalSection
EndGlobal
